
Microsoft Visual Studio Solution File, Format Version 12.00
# Visual Studio 15
VisualStudioVersion = 15.0.33529.398
MinimumVisualStudioVersion = 10.0.40219.1
Project("{8BC9CEB8-8B4A-11D0-8D11-00A0C91BC942}") = "Forward", "Forward\Forward.vcxproj", "{DEF67815-E58C-4A82-9A70-10E7160657E5}"
EndProject
Global
	GlobalSection(SolutionConfigurationPlatforms) = preSolution
		Debug|x64 = Debug|x64
		Debug|x86 = Debug|x86
		Release|x64 = Release|x64
		Release|x86 = Release|x86
	EndGlobalSection
	GlobalSection(ProjectConfigurationPlatforms) = postSolution
		{DEF67815-E58C-4A82-9A70-10E7160657E5}.Debug|x64.ActiveCfg = Debug|x64
		{DEF67815-E58C-4A82-9A70-10E7160657E5}.Debug|x64.Build.0 = Debug|x64
		{DEF67815-E58C-4A82-9A70-10E7160657E5}.Debug|x86.ActiveCfg = Debug|Win32
		{DEF67815-E58C-4A82-9A70-10E7160657E5}.Debug|x86.Build.0 = Debug|Win32
		{DEF67815-E58C-4A82-9A70-10E7160657E5}.Release|x64.ActiveCfg = Release|x64
		{DEF67815-E58C-4A82-9A70-10E7160657E5}.Release|x64.Build.0 = Release|x64
		{DEF67815-E58C-4A82-9A70-10E7160657E5}.Release|x86.ActiveCfg = Release|Win32
		{DEF67815-E58C-4A82-9A70-10E7160657E5}.Release|x86.Build.0 = Release|Win32
	EndGlobalSection
	GlobalSection(SolutionProperties) = preSolution
		HideSolutionNode = FALSE
	EndGlobalSection
	GlobalSection(ExtensibilityGlobals) = postSolution
		SolutionGuid = {3C836C50-6AF5-43D1-8CB2-F681CC56D7E1}
	EndGlobalSection
EndGlobal
